
Microsoft Visual Studio Solution File, Format Version 11.00
# Visual Studio 2010
Project("{FAE04EC0-301F-11D3-BF4B-00C04F79EFBC}") = "Assembly-CSharp", "Assembly-CSharp.csproj", "{708EE0DC-3FED-3212-EFDA-AF800D530DA2}"
EndProject
Project("{FAE04EC0-301F-11D3-BF4B-00C04F79EFBC}") = "Assembly-CSharp-Editor", "Assembly-CSharp-Editor.csproj", "{F4D29BE5-5A59-CEF7-710B-1EB99AD85F82}"
EndProject
Global
	GlobalSection(SolutionConfigurationPlatforms) = preSolution
		Debug|Any CPU = Debug|Any CPU
		Release|Any CPU = Release|Any CPU
	EndGlobalSection
	GlobalSection(ProjectConfigurationPlatforms) = postSolution
		{708EE0DC-3FED-3212-EFDA-AF800D530DA2}.Debug|Any CPU.ActiveCfg = Debug|Any CPU
		{708EE0DC-3FED-3212-EFDA-AF800D530DA2}.Debug|Any CPU.Build.0 = Debug|Any CPU
		{708EE0DC-3FED-3212-EFDA-AF800D530DA2}.Release|Any CPU.ActiveCfg = Release|Any CPU
		{708EE0DC-3FED-3212-EFDA-AF800D530DA2}.Release|Any CPU.Build.0 = Release|Any CPU
		{F4D29BE5-5A59-CEF7-710B-1EB99AD85F82}.Debug|Any CPU.ActiveCfg = Debug|Any CPU
		{F4D29BE5-5A59-CEF7-710B-1EB99AD85F82}.Debug|Any CPU.Build.0 = Debug|Any CPU
		{F4D29BE5-5A59-CEF7-710B-1EB99AD85F82}.Release|Any CPU.ActiveCfg = Release|Any CPU
		{F4D29BE5-5A59-CEF7-710B-1EB99AD85F82}.Release|Any CPU.Build.0 = Release|Any CPU
	EndGlobalSection
	GlobalSection(SolutionProperties) = preSolution
		HideSolutionNode = FALSE
	EndGlobalSection
EndGlobal
